
Microsoft Visual Studio Solution File, Format Version 12.00
# Visual Studio Version 17
VisualStudioVersion = 17.2.32616.157
MinimumVisualStudioVersion = 10.0.40219.1
Project("{FAE04EC0-301F-11D3-BF4B-00C04F79EFBC}") = "PRSKulkarni", "PRSKulkarni\PRSKulkarni.csproj", "{608BFA90-0B50-4E50-8C86-BFAC4E457CAA}"
EndProject
Global
	GlobalSection(SolutionConfigurationPlatforms) = preSolution
		Debug|Any CPU = Debug|Any CPU
		Release|Any CPU = Release|Any CPU
	EndGlobalSection
	GlobalSection(ProjectConfigurationPlatforms) = postSolution
		{608BFA90-0B50-4E50-8C86-BFAC4E457CAA}.Debug|Any CPU.ActiveCfg = Debug|Any CPU
		{608BFA90-0B50-4E50-8C86-BFAC4E457CAA}.Debug|Any CPU.Build.0 = Debug|Any CPU
		{608BFA90-0B50-4E50-8C86-BFAC4E457CAA}.Release|Any CPU.ActiveCfg = Release|Any CPU
		{608BFA90-0B50-4E50-8C86-BFAC4E457CAA}.Release|Any CPU.Build.0 = Release|Any CPU
	EndGlobalSection
	GlobalSection(SolutionProperties) = preSolution
		HideSolutionNode = FALSE
	EndGlobalSection
	GlobalSection(ExtensibilityGlobals) = postSolution
		SolutionGuid = {85048085-EA2C-4C31-8C4D-01476666D27C}
	EndGlobalSection
EndGlobal
